
Microsoft Visual Studio Solution File, Format Version 12.00
# Visual Studio Version 17
VisualStudioVersion = 17.4.33205.214
MinimumVisualStudioVersion = 10.0.40219.1
Project("{2150E333-8FDC-42A3-9474-1A3956D46DE8}") = "sample", "sample", "{8041F928-B834-469B-9995-23D8BCD95B72}"
EndProject
Project("{2150E333-8FDC-42A3-9474-1A3956D46DE8}") = "Solution Items", "Solution Items", "{BF2D1BB4-818D-43EE-8858-AFBCDDAEB1CE}"
	ProjectSection(SolutionItems) = preProject
		.editorconfig = .editorconfig
		README.md = README.md
	EndProjectSection
EndProject
Project("{FAE04EC0-301F-11D3-BF4B-00C04F79EFBC}") = "TestApp", "src\TestApp\TestApp.csproj", "{98CA3969-FF31-4802-AC6E-91E7ADA0C199}"
EndProject
Project("{9A19103F-16F7-4668-BE54-9A1E7A4F7556}") = "IntensityMapping", "src\IntensityMapping\IntensityMapping.csproj", "{25730E95-143B-4D71-BD67-7B725C6984F9}"
EndProject
Global
	GlobalSection(SolutionConfigurationPlatforms) = preSolution
		Debug|Any CPU = Debug|Any CPU
		Release|Any CPU = Release|Any CPU
	EndGlobalSection
	GlobalSection(ProjectConfigurationPlatforms) = postSolution
		{98CA3969-FF31-4802-AC6E-91E7ADA0C199}.Debug|Any CPU.ActiveCfg = Debug|Any CPU
		{98CA3969-FF31-4802-AC6E-91E7ADA0C199}.Debug|Any CPU.Build.0 = Debug|Any CPU
		{98CA3969-FF31-4802-AC6E-91E7ADA0C199}.Release|Any CPU.ActiveCfg = Release|Any CPU
		{98CA3969-FF31-4802-AC6E-91E7ADA0C199}.Release|Any CPU.Build.0 = Release|Any CPU
		{25730E95-143B-4D71-BD67-7B725C6984F9}.Debug|Any CPU.ActiveCfg = Debug|Any CPU
		{25730E95-143B-4D71-BD67-7B725C6984F9}.Debug|Any CPU.Build.0 = Debug|Any CPU
		{25730E95-143B-4D71-BD67-7B725C6984F9}.Release|Any CPU.ActiveCfg = Release|Any CPU
		{25730E95-143B-4D71-BD67-7B725C6984F9}.Release|Any CPU.Build.0 = Release|Any CPU
	EndGlobalSection
	GlobalSection(SolutionProperties) = preSolution
		HideSolutionNode = FALSE
	EndGlobalSection
	GlobalSection(ExtensibilityGlobals) = postSolution
		SolutionGuid = {7BD63881-EBB5-4DBC-B570-D79C256ADE35}
	EndGlobalSection
EndGlobal
